// !$*UTF8*$!
{
	archiveVersion = 1;
	classes = {
	};
	objectVersion = 50;
	objects = {

/* Begin PBXBuildFile section */
		4239074926383BCF00BD9606 /* KTPropertyCheck.m in Sources */ = {isa = PBXBuildFile; fileRef = 4239074826383BCF00BD9606 /* KTPropertyCheck.m */; };
		4239074A26383BCF00BD9606 /* KTPropertyCheck.h in CopyFiles */ = {isa = PBXBuildFile; fileRef = 4239074726383BCF00BD9606 /* KTPropertyCheck.h */; };
		4239075726383BEA00BD9606 /* Tests.m in Sources */ = {isa = PBXBuildFile; fileRef = 4239075626383BEA00BD9606 /* Tests.m */; };
		4239075926383BEA00BD9606 /* libKTPropertyCheck.a in Frameworks */ = {isa = PBXBuildFile; fileRef = 4239074426383BCF00BD9606 /* libKTPropertyCheck.a */; };
/* End PBXBuildFile section */

/* Begin PBXContainerItemProxy section */
		4239075A26383BEA00BD9606 /* PBXContainerItemProxy */ = {
			isa = PBXContainerItemProxy;
			containerPortal = 4239073C26383BCF00BD9606 /* Project object */;
			proxyType = 1;
			remoteGlobalIDString = 4239074326383BCF00BD9606;
			remoteInfo = KTPropertyCheck;
		};
/* End PBXContainerItemProxy section */

/* Begin PBXCopyFilesBuildPhase section */
		4239074226383BCF00BD9606 /* CopyFiles */ = {
			isa = PBXCopyFilesBuildPhase;
			buildActionMask = 2147483647;
			dstPath = "include/$(PRODUCT_NAME)";
			dstSubfolderSpec = 16;
			files = (
				4239074A26383BCF00BD9606 /* KTPropertyCheck.h in CopyFiles */,
			);
			runOnlyForDeploymentPostprocessing = 0;
		};
/* End PBXCopyFilesBuildPhase section */

/* Begin PBXFileReference section */
		4239074426383BCF00BD9606 /* libKTPropertyCheck.a */ = {isa = PBXFileReference; explicitFileType = archive.ar; includeInIndex = 0; path = libKTPropertyCheck.a; sourceTree = BUILT_PRODUCTS_DIR; };
		4239074726383BCF00BD9606 /* KTPropertyCheck.h */ = {isa = PBXFileReference; lastKnownFileType = sourcecode.c.h; path = KTPropertyCheck.h; sourceTree = "<group>"; };
		4239074826383BCF00BD9606 /* KTPropertyCheck.m */ = {isa = PBXFileReference; lastKnownFileType = sourcecode.c.objc; path = KTPropertyCheck.m; sourceTree = "<group>"; };
		4239075426383BEA00BD9606 /* Tests.xctest */ = {isa = PBXFileReference; explicitFileType = wrapper.cfbundle; includeInIndex = 0; path = Tests.xctest; sourceTree = BUILT_PRODUCTS_DIR; };
		4239075626383BEA00BD9606 /* Tests.m */ = {isa = PBXFileReference; lastKnownFileType = sourcecode.c.objc; path = Tests.m; sourceTree = "<group>"; };
		4239075826383BEA00BD9606 /* Info.plist */ = {isa = PBXFileReference; lastKnownFileType = text.plist.xml; path = Info.plist; sourceTree = "<group>"; };
/* End PBXFileReference section */

/* Begin PBXFrameworksBuildPhase section */
		4239074126383BCF00BD9606 /* Frameworks */ = {
			isa = PBXFrameworksBuildPhase;
			buildActionMask = 2147483647;
			files = (
			);
			runOnlyForDeploymentPostprocessing = 0;
		};
		4239075126383BEA00BD9606 /* Frameworks */ = {
			isa = PBXFrameworksBuildPhase;
			buildActionMask = 2147483647;
			files = (
				4239075926383BEA00BD9606 /* libKTPropertyCheck.a in Frameworks */,
			);
			runOnlyForDeploymentPostprocessing = 0;
		};
/* End PBXFrameworksBuildPhase section */

/* Begin PBXGroup section */
		4239073B26383BCF00BD9606 = {
			isa = PBXGroup;
			children = (
				4239074626383BCF00BD9606 /* KTPropertyCheck */,
				4239075526383BEA00BD9606 /* Tests */,
				4239074526383BCF00BD9606 /* Products */,
			);
			sourceTree = "<group>";
		};
		4239074526383BCF00BD9606 /* Products */ = {
			isa = PBXGroup;
			children = (
				4239074426383BCF00BD9606 /* libKTPropertyCheck.a */,
				4239075426383BEA00BD9606 /* Tests.xctest */,
			);
			name = Products;
			sourceTree = "<group>";
		};
		4239074626383BCF00BD9606 /* KTPropertyCheck */ = {
			isa = PBXGroup;
			children = (
				4239074726383BCF00BD9606 /* KTPropertyCheck.h */,
				4239074826383BCF00BD9606 /* KTPropertyCheck.m */,
			);
			path = KTPropertyCheck;
			sourceTree = "<group>";
		};
		4239075526383BEA00BD9606 /* Tests */ = {
			isa = PBXGroup;
			children = (
				4239075626383BEA00BD9606 /* Tests.m */,
				4239075826383BEA00BD9606 /* Info.plist */,
			);
			path = Tests;
			sourceTree = "<group>";
		};
/* End PBXGroup section */

/* Begin PBXNativeTarget section */
		4239074326383BCF00BD9606 /* KTPropertyCheck */ = {
			isa = PBXNativeTarget;
			buildConfigurationList = 4239074D26383BCF00BD9606 /* Build configuration list for PBXNativeTarget "KTPropertyCheck" */;
			buildPhases = (
				4239074026383BCF00BD9606 /* Sources */,
				4239074126383BCF00BD9606 /* Frameworks */,
				4239074226383BCF00BD9606 /* CopyFiles */,
			);
			buildRules = (
			);
			dependencies = (
			);
			name = KTPropertyCheck;
			productName = KTPropertyCheck;
			productReference = 4239074426383BCF00BD9606 /* libKTPropertyCheck.a */;
			productType = "com.apple.product-type.library.static";
		};
		4239075326383BEA00BD9606 /* Tests */ = {
			isa = PBXNativeTarget;
			buildConfigurationList = 4239075C26383BEA00BD9606 /* Build configuration list for PBXNativeTarget "Tests" */;
			buildPhases = (
				4239075026383BEA00BD9606 /* Sources */,
				4239075126383BEA00BD9606 /* Frameworks */,
				4239075226383BEA00BD9606 /* Resources */,
			);
			buildRules = (
			);
			dependencies = (
				4239075B26383BEA00BD9606 /* PBXTargetDependency */,
			);
			name = Tests;
			productName = Tests;
			productReference = 4239075426383BEA00BD9606 /* Tests.xctest */;
			productType = "com.apple.product-type.bundle.unit-test";
		};
/* End PBXNativeTarget section */

/* Begin PBXProject section */
		4239073C26383BCF00BD9606 /* Project object */ = {
			isa = PBXProject;
			attributes = {
				LastUpgradeCheck = 1250;
				TargetAttributes = {
					4239074326383BCF00BD9606 = {
						CreatedOnToolsVersion = 12.5;
					};
					4239075326383BEA00BD9606 = {
						CreatedOnToolsVersion = 12.5;
					};
				};
			};
			buildConfigurationList = 4239073F26383BCF00BD9606 /* Build configuration list for PBXProject "KTPropertyCheck" */;
			compatibilityVersion = "Xcode 9.3";
			developmentRegion = en;
			hasScannedForEncodings = 0;
			knownRegions = (
				en,
				Base,
			);
			mainGroup = 4239073B26383BCF00BD9606;
			productRefGroup = 4239074526383BCF00BD9606 /* Products */;
			projectDirPath = "";
			projectRoot = "";
			targets = (
				4239074326383BCF00BD9606 /* KTPropertyCheck */,
				4239075326383BEA00BD9606 /* Tests */,
			);
		};
/* End PBXProject section */

/* Begin PBXResourcesBuildPhase section */
		4239075226383BEA00BD9606 /* Resources */ = {
			isa = PBXResourcesBuildPhase;
			buildActionMask = 2147483647;
			files = (
			);
			runOnlyForDeploymentPostprocessing = 0;
		};
/* End PBXResourcesBuildPhase section */

/* Begin PBXSourcesBuildPhase section */
		4239074026383BCF00BD9606 /* Sources */ = {
			isa = PBXSourcesBuildPhase;
			buildActionMask = 2147483647;
			files = (
				4239074926383BCF00BD9606 /* KTPropertyCheck.m in Sources */,
			);
			runOnlyForDeploymentPostprocessing = 0;
		};
		4239075026383BEA00BD9606 /* Sources */ = {
			isa = PBXSourcesBuildPhase;
			buildActionMask = 2147483647;
			files = (
				4239075726383BEA00BD9606 /* Tests.m in Sources */,
			);
			runOnlyForDeploymentPostprocessing = 0;
		};
/* End PBXSourcesBuildPhase section */

/* Begin PBXTargetDependency section */
		4239075B26383BEA00BD9606 /* PBXTargetDependency */ = {
			isa = PBXTargetDependency;
			target = 4239074326383BCF00BD9606 /* KTPropertyCheck */;
			targetProxy = 4239075A26383BEA00BD9606 /* PBXContainerItemProxy */;
		};
/* End PBXTargetDependency section */

/* Begin XCBuildConfiguration section */
		4239074B26383BCF00BD9606 /* Debug */ = {
			isa = XCBuildConfiguration;
			buildSettings = {
				ALWAYS_SEARCH_USER_PATHS = NO;
				CLANG_ANALYZER_NONNULL = YES;
				CLANG_ANALYZER_NUMBER_OBJECT_CONVERSION = YES_AGGRESSIVE;
				CLANG_CXX_LANGUAGE_STANDARD = "gnu++14";
				CLANG_CXX_LIBRARY = "libc++";
				CLANG_ENABLE_MODULES = YES;
				CLANG_ENABLE_OBJC_ARC = YES;
				CLANG_ENABLE_OBJC_WEAK = YES;
				CLANG_WARN_BLOCK_CAPTURE_AUTORELEASING = YES;
				CLANG_WARN_BOOL_CONVERSION = YES;
				CLANG_WARN_COMMA = YES;
				CLANG_WARN_CONSTANT_CONVERSION = YES;
				CLANG_WARN_DEPRECATED_OBJC_IMPLEMENTATIONS = YES;
				CLANG_WARN_DIRECT_OBJC_ISA_USAGE = YES_ERROR;
				CLANG_WARN_DOCUMENTATION_COMMENTS = YES;
				CLANG_WARN_EMPTY_BODY = YES;
				CLANG_WARN_ENUM_CONVERSION = YES;
				CLANG_WARN_INFINITE_RECURSION = YES;
				CLANG_WARN_INT_CONVERSION = YES;
				CLANG_WARN_NON_LITERAL_NULL_CONVERSION = YES;
				CLANG_WARN_OBJC_IMPLICIT_RETAIN_SELF = YES;
				CLANG_WARN_OBJC_LITERAL_CONVERSION = YES;
				CLANG_WARN_OBJC_ROOT_CLASS = YES_ERROR;
				CLANG_WARN_QUOTED_INCLUDE_IN_FRAMEWORK_HEADER = YES;
				CLANG_WARN_RANGE_LOOP_ANALYSIS = YES;
				CLANG_WARN_STRICT_PROTOTYPES = YES;
				CLANG_WARN_SUSPICIOUS_MOVE = YES;
				CLANG_WARN_UNGUARDED_AVAILABILITY = YES_AGGRESSIVE;
				CLANG_WARN_UNREACHABLE_CODE = YES;
				CLANG_WARN__DUPLICATE_METHOD_MATCH = YES;
				COPY_PHASE_STRIP = NO;
				DEBUG_INFORMATION_FORMAT = dwarf;
				ENABLE_STRICT_OBJC_MSGSEND = YES;
				ENABLE_TESTABILITY = YES;
				GCC_C_LANGUAGE_STANDARD = gnu11;
				GCC_DYNAMIC_NO_PIC = NO;
				GCC_NO_COMMON_BLOCKS = YES;
				GCC_OPTIMIZATION_LEVEL = 0;
				GCC_PREPROCESSOR_DEFINITIONS = (
					"DEBUG=1",
					"$(inherited)",
				);
				GCC_WARN_64_TO_32_BIT_CONVERSION = YES;
				GCC_WARN_ABOUT_RETURN_TYPE = YES_ERROR;
				GCC_WARN_UNDECLARED_SELECTOR = YES;
				GCC_WARN_UNINITIALIZED_AUTOS = YES_AGGRESSIVE;
				GCC_WARN_UNUSED_FUNCTION = YES;
				GCC_WARN_UNUSED_VARIABLE = YES;
				IPHONEOS_DEPLOYMENT_TARGET = 9.0;
				MTL_ENABLE_DEBUG_INFO = INCLUDE_SOURCE;
				MTL_FAST_MATH = YES;
				ONLY_ACTIVE_ARCH = YES;
				SDKROOT = iphoneos;
			};
			name = Debug;
		};
		4239074C26383BCF00BD9606 /* Release */ = {
			isa = XCBuildConfiguration;
			buildSettings = {
				ALWAYS_SEARCH_USER_PATHS = NO;
				CLANG_ANALYZER_NONNULL = YES;
				CLANG_ANALYZER_NUMBER_OBJECT_CONVERSION = YES_AGGRESSIVE;
				CLANG_CXX_LANGUAGE_STANDARD = "gnu++14";
				CLANG_CXX_LIBRARY = "libc++";
				CLANG_ENABLE_MODULES = YES;
				CLANG_ENABLE_OBJC_ARC = YES;
				CLANG_ENABLE_OBJC_WEAK = YES;
				CLANG_WARN_BLOCK_CAPTURE_AUTORELEASING = YES;
				CLANG_WARN_BOOL_CONVERSION = YES;
				CLANG_WARN_COMMA = YES;
				CLANG_WARN_CONSTANT_CONVERSION = YES;
				CLANG_WARN_DEPRECATED_OBJC_IMPLEMENTATIONS = YES;
				CLANG_WARN_DIRECT_OBJC_ISA_USAGE = YES_ERROR;
				CLANG_WARN_DOCUMENTATION_COMMENTS = YES;
				CLANG_WARN_EMPTY_BODY = YES;
				CLANG_WARN_ENUM_CONVERSION = YES;
				CLANG_WARN_INFINITE_RECURSION = YES;
				CLANG_WARN_INT_CONVERSION = YES;
				CLANG_WARN_NON_LITERAL_NULL_CONVERSION = YES;
				CLANG_WARN_OBJC_IMPLICIT_RETAIN_SELF = YES;
				CLANG_WARN_OBJC_LITERAL_CONVERSION = YES;
				CLANG_WARN_OBJC_ROOT_CLASS = YES_ERROR;
				CLANG_WARN_QUOTED_INCLUDE_IN_FRAMEWORK_HEADER = YES;
				CLANG_WARN_RANGE_LOOP_ANALYSIS = YES;
				CLANG_WARN_STRICT_PROTOTYPES = YES;
				CLANG_WARN_SUSPICIOUS_MOVE = YES;
				CLANG_WARN_UNGUARDED_AVAILABILITY = YES_AGGRESSIVE;
				CLANG_WARN_UNREACHABLE_CODE = YES;
				CLANG_WARN__DUPLICATE_METHOD_MATCH = YES;
				COPY_PHASE_STRIP = NO;
				DEBUG_INFORMATION_FORMAT = "dwarf-with-dsym";
				ENABLE_NS_ASSERTIONS = NO;
				ENABLE_STRICT_OBJC_MSGSEND = YES;
				GCC_C_LANGUAGE_STANDARD = gnu11;
				GCC_NO_COMMON_BLOCKS = YES;
				GCC_WARN_64_TO_32_BIT_CONVERSION = YES;
				GCC_WARN_ABOUT_RETURN_TYPE = YES_ERROR;
				GCC_WARN_UNDECLARED_SELECTOR = YES;
				GCC_WARN_UNINITIALIZED_AUTOS = YES_AGGRESSIVE;
				GCC_WARN_UNUSED_FUNCTION = YES;
				GCC_WARN_UNUSED_VARIABLE = YES;
				IPHONEOS_DEPLOYMENT_TARGET = 9.0;
				MTL_ENABLE_DEBUG_INFO = NO;
				MTL_FAST_MATH = YES;
				SDKROOT = iphoneos;
				VALIDATE_PRODUCT = YES;
			};
			name = Release;
		};
		4239074E26383BCF00BD9606 /* Debug */ = {
			isa = XCBuildConfiguration;
			buildSettings = {
				CODE_SIGN_STYLE = Automatic;
				OTHER_LDFLAGS = "-ObjC";
				PRODUCT_NAME = "$(TARGET_NAME)";
				SKIP_INSTALL = YES;
				TARGETED_DEVICE_FAMILY = "1,2";
			};
			name = Debug;
		};
		4239074F26383BCF00BD9606 /* Release */ = {
			isa = XCBuildConfiguration;
			buildSettings = {
				CODE_SIGN_STYLE = Automatic;
				OTHER_LDFLAGS = "-ObjC";
				PRODUCT_NAME = "$(TARGET_NAME)";
				SKIP_INSTALL = YES;
				TARGETED_DEVICE_FAMILY = "1,2";
			};
			name = Release;
		};
		4239075D26383BEA00BD9606 /* Debug */ = {
			isa = XCBuildConfiguration;
			buildSettings = {
				CODE_SIGN_STYLE = Automatic;
				INFOPLIST_FILE = Tests/Info.plist;
				LD_RUNPATH_SEARCH_PATHS = (
					"$(inherited)",
					"@executable_path/Frameworks",
					"@loader_path/Frameworks",
				);
				PRODUCT_BUNDLE_IDENTIFIER = com.kamto.Tests;
				PRODUCT_NAME = "$(TARGET_NAME)";
				TARGETED_DEVICE_FAMILY = "1,2";
			};
			name = Debug;
		};
		4239075E26383BEA00BD9606 /* Release */ = {
			isa = XCBuildConfiguration;
			buildSettings = {
				CODE_SIGN_STYLE = Automatic;
				INFOPLIST_FILE = Tests/Info.plist;
				LD_RUNPATH_SEARCH_PATHS = (
					"$(inherited)",
					"@executable_path/Frameworks",
					"@loader_path/Frameworks",
				);
				PRODUCT_BUNDLE_IDENTIFIER = com.kamto.Tests;
				PRODUCT_NAME = "$(TARGET_NAME)";
				TARGETED_DEVICE_FAMILY = "1,2";
			};
			name = Release;
		};
/* End XCBuildConfiguration section */

/* Begin XCConfigurationList section */
		4239073F26383BCF00BD9606 /* Build configuration list for PBXProject "KTPropertyCheck" */ = {
			isa = XCConfigurationList;
			buildConfigurations = (
				4239074B26383BCF00BD9606 /* Debug */,
				4239074C26383BCF00BD9606 /* Release */,
			);
			defaultConfigurationIsVisible = 0;
			defaultConfigurationName = Release;
		};
		4239074D26383BCF00BD9606 /* Build configuration list for PBXNativeTarget "KTPropertyCheck" */ = {
			isa = XCConfigurationList;
			buildConfigurations = (
				4239074E26383BCF00BD9606 /* Debug */,
				4239074F26383BCF00BD9606 /* Release */,
			);
			defaultConfigurationIsVisible = 0;
			defaultConfigurationName = Release;
		};
		4239075C26383BEA00BD9606 /* Build configuration list for PBXNativeTarget "Tests" */ = {
			isa = XCConfigurationList;
			buildConfigurations = (
				4239075D26383BEA00BD9606 /* Debug */,
				4239075E26383BEA00BD9606 /* Release */,
			);
			defaultConfigurationIsVisible = 0;
			defaultConfigurationName = Release;
		};
/* End XCConfigurationList section */
	};
	rootObject = 4239073C26383BCF00BD9606 /* Project object */;
}
